
Microsoft Visual Studio Solution File, Format Version 12.00
# Visual Studio Version 17
VisualStudioVersion = 17.2.32519.379
MinimumVisualStudioVersion = 10.0.40219.1
Project("{FAE04EC0-301F-11D3-BF4B-00C04F79EFBC}") = "InAndOut", "InAndOut\InAndOut.csproj", "{2ADAF18B-BA5B-408D-8155-4FB10B7187C9}"
EndProject
Global
	GlobalSection(SolutionConfigurationPlatforms) = preSolution
		Debug|Any CPU = Debug|Any CPU
		Release|Any CPU = Release|Any CPU
	EndGlobalSection
	GlobalSection(ProjectConfigurationPlatforms) = postSolution
		{2ADAF18B-BA5B-408D-8155-4FB10B7187C9}.Debug|Any CPU.ActiveCfg = Debug|Any CPU
		{2ADAF18B-BA5B-408D-8155-4FB10B7187C9}.Debug|Any CPU.Build.0 = Debug|Any CPU
		{2ADAF18B-BA5B-408D-8155-4FB10B7187C9}.Release|Any CPU.ActiveCfg = Release|Any CPU
		{2ADAF18B-BA5B-408D-8155-4FB10B7187C9}.Release|Any CPU.Build.0 = Release|Any CPU
	EndGlobalSection
	GlobalSection(SolutionProperties) = preSolution
		HideSolutionNode = FALSE
	EndGlobalSection
	GlobalSection(ExtensibilityGlobals) = postSolution
		SolutionGuid = {C39C5F1E-69D1-4731-8F28-1A4EAED700CD}
	EndGlobalSection
EndGlobal
